
Microsoft Visual Studio Solution File, Format Version 12.00
# Visual Studio 2013
VisualStudioVersion = 12.0.30723.0
MinimumVisualStudioVersion = 10.0.40219.1
Project("{FAE04EC0-301F-11D3-BF4B-00C04F79EFBC}") = "LibrarySystem", "LibrarySystem\LibrarySystem.csproj", "{919E039A-C1FC-42C5-A89E-B7054A115EAA}"
EndProject
Global
	GlobalSection(SolutionConfigurationPlatforms) = preSolution
		Debug|Any CPU = Debug|Any CPU
		Release|Any CPU = Release|Any CPU
	EndGlobalSection
	GlobalSection(ProjectConfigurationPlatforms) = postSolution
		{919E039A-C1FC-42C5-A89E-B7054A115EAA}.Debug|Any CPU.ActiveCfg = Debug|Any CPU
		{919E039A-C1FC-42C5-A89E-B7054A115EAA}.Debug|Any CPU.Build.0 = Debug|Any CPU
		{919E039A-C1FC-42C5-A89E-B7054A115EAA}.Release|Any CPU.ActiveCfg = Release|Any CPU
		{919E039A-C1FC-42C5-A89E-B7054A115EAA}.Release|Any CPU.Build.0 = Release|Any CPU
	EndGlobalSection
	GlobalSection(SolutionProperties) = preSolution
		HideSolutionNode = FALSE
	EndGlobalSection
EndGlobal
