
Microsoft Visual Studio Solution File, Format Version 12.00
# Visual Studio 2012
Project("{FAE04EC0-301F-11D3-BF4B-00C04F79EFBC}") = "1. CompareValidatorDemo", "CompareValidatorDemo\1. CompareValidatorDemo.csproj", "{B9F44FC8-46E6-4D57-A570-772FCA5E84E3}"
EndProject
Project("{FAE04EC0-301F-11D3-BF4B-00C04F79EFBC}") = "2. PageValidationDemo", "PageValidationDemo\2. PageValidationDemo.csproj", "{44B675F8-32D9-479C-94DF-5513C8A2BC68}"
EndProject
Project("{FAE04EC0-301F-11D3-BF4B-00C04F79EFBC}") = "3. TwoFormsValidation", "Two-Forms-Validation-with-Groups\3. TwoFormsValidation.csproj", "{C4FCE2AC-34C8-453A-BDA0-818E4F3CA99E}"
EndProject
Global
	GlobalSection(SolutionConfigurationPlatforms) = preSolution
		Debug|Any CPU = Debug|Any CPU
		Release|Any CPU = Release|Any CPU
	EndGlobalSection
	GlobalSection(ProjectConfigurationPlatforms) = postSolution
		{B9F44FC8-46E6-4D57-A570-772FCA5E84E3}.Debug|Any CPU.ActiveCfg = Debug|Any CPU
		{B9F44FC8-46E6-4D57-A570-772FCA5E84E3}.Debug|Any CPU.Build.0 = Debug|Any CPU
		{B9F44FC8-46E6-4D57-A570-772FCA5E84E3}.Release|Any CPU.ActiveCfg = Release|Any CPU
		{B9F44FC8-46E6-4D57-A570-772FCA5E84E3}.Release|Any CPU.Build.0 = Release|Any CPU
		{44B675F8-32D9-479C-94DF-5513C8A2BC68}.Debug|Any CPU.ActiveCfg = Debug|Any CPU
		{44B675F8-32D9-479C-94DF-5513C8A2BC68}.Debug|Any CPU.Build.0 = Debug|Any CPU
		{44B675F8-32D9-479C-94DF-5513C8A2BC68}.Release|Any CPU.ActiveCfg = Release|Any CPU
		{44B675F8-32D9-479C-94DF-5513C8A2BC68}.Release|Any CPU.Build.0 = Release|Any CPU
		{C4FCE2AC-34C8-453A-BDA0-818E4F3CA99E}.Debug|Any CPU.ActiveCfg = Debug|Any CPU
		{C4FCE2AC-34C8-453A-BDA0-818E4F3CA99E}.Debug|Any CPU.Build.0 = Debug|Any CPU
		{C4FCE2AC-34C8-453A-BDA0-818E4F3CA99E}.Release|Any CPU.ActiveCfg = Release|Any CPU
		{C4FCE2AC-34C8-453A-BDA0-818E4F3CA99E}.Release|Any CPU.Build.0 = Release|Any CPU
	EndGlobalSection
	GlobalSection(SolutionProperties) = preSolution
		HideSolutionNode = FALSE
	EndGlobalSection
EndGlobal
